
Microsoft Visual Studio Solution File, Format Version 12.00
# Visual Studio 15
VisualStudioVersion = 15.0.28010.2003
MinimumVisualStudioVersion = 10.0.40219.1
Project("{9A19103F-16F7-4668-BE54-9A1E7A4F7556}") = "MyFinance", "MyFinance\MyFinance.csproj", "{68F64ABF-CCB5-4980-AAAF-D07CE246969F}"
EndProject
Project("{FAE04EC0-301F-11D3-BF4B-00C04F79EFBC}") = "UnitTestModels", "ProjetoTeste\UnitTestModels.csproj", "{03172180-236E-4281-95E4-C28478511712}"
EndProject
Global
	GlobalSection(SolutionConfigurationPlatforms) = preSolution
		Debug|Any CPU = Debug|Any CPU
		Release|Any CPU = Release|Any CPU
	EndGlobalSection
	GlobalSection(ProjectConfigurationPlatforms) = postSolution
		{68F64ABF-CCB5-4980-AAAF-D07CE246969F}.Debug|Any CPU.ActiveCfg = Debug|Any CPU
		{68F64ABF-CCB5-4980-AAAF-D07CE246969F}.Debug|Any CPU.Build.0 = Debug|Any CPU
		{68F64ABF-CCB5-4980-AAAF-D07CE246969F}.Release|Any CPU.ActiveCfg = Release|Any CPU
		{68F64ABF-CCB5-4980-AAAF-D07CE246969F}.Release|Any CPU.Build.0 = Release|Any CPU
		{03172180-236E-4281-95E4-C28478511712}.Debug|Any CPU.ActiveCfg = Debug|Any CPU
		{03172180-236E-4281-95E4-C28478511712}.Debug|Any CPU.Build.0 = Debug|Any CPU
		{03172180-236E-4281-95E4-C28478511712}.Release|Any CPU.ActiveCfg = Release|Any CPU
		{03172180-236E-4281-95E4-C28478511712}.Release|Any CPU.Build.0 = Release|Any CPU
	EndGlobalSection
	GlobalSection(SolutionProperties) = preSolution
		HideSolutionNode = FALSE
	EndGlobalSection
	GlobalSection(ExtensibilityGlobals) = postSolution
		SolutionGuid = {0DB94A71-D11D-4542-98C7-F3F13852C018}
	EndGlobalSection
EndGlobal
